// !$*UTF8*$!
{
	archiveVersion = 1;
	classes = {
	};
	objectVersion = 51;
	objects = {

/* Begin PBXBuildFile section */
		78F0ADFCB49BF75FE6BA7649 /* Pods_CroesusTests.framework in Frameworks */ = {isa = PBXBuildFile; fileRef = E38B2DC8338EC802E0BEC0C1 /* Pods_CroesusTests.framework */; };
		92C00804DB70477AFFF71343 /* Pods_Croesus_CroesusUITests.framework in Frameworks */ = {isa = PBXBuildFile; fileRef = 220A99DEFBCD883445B4EB3D /* Pods_Croesus_CroesusUITests.framework */; };
		961E1E3724269B1000A843D4 /* TabBarController.swift in Sources */ = {isa = PBXBuildFile; fileRef = 961E1E3624269B1000A843D4 /* TabBarController.swift */; };
		962F0E35242D31EF00CAB74E /* Question.swift in Sources */ = {isa = PBXBuildFile; fileRef = 962F0E34242D31EF00CAB74E /* Question.swift */; };
		96346371242B738900C6F5FD /* SurveryCell.swift in Sources */ = {isa = PBXBuildFile; fileRef = 96346370242B738900C6F5FD /* SurveryCell.swift */; };
		963678DA242656F500A9B121 /* AppDelegate.swift in Sources */ = {isa = PBXBuildFile; fileRef = 963678D9242656F500A9B121 /* AppDelegate.swift */; };
		963678DC242656F500A9B121 /* SceneDelegate.swift in Sources */ = {isa = PBXBuildFile; fileRef = 963678DB242656F500A9B121 /* SceneDelegate.swift */; };
		963678DE242656F500A9B121 /* FirstViewController.swift in Sources */ = {isa = PBXBuildFile; fileRef = 963678DD242656F500A9B121 /* FirstViewController.swift */; };
		963678E0242656F500A9B121 /* SecondViewController.swift in Sources */ = {isa = PBXBuildFile; fileRef = 963678DF242656F500A9B121 /* SecondViewController.swift */; };
		963678E3242656F500A9B121 /* Main.storyboard in Resources */ = {isa = PBXBuildFile; fileRef = 963678E1242656F500A9B121 /* Main.storyboard */; };
		963678E6242656F500A9B121 /* Croesus.xcdatamodeld in Sources */ = {isa = PBXBuildFile; fileRef = 963678E4242656F500A9B121 /* Croesus.xcdatamodeld */; };
		963678E8242656F800A9B121 /* Assets.xcassets in Resources */ = {isa = PBXBuildFile; fileRef = 963678E7242656F800A9B121 /* Assets.xcassets */; };
		963678EB242656F800A9B121 /* LaunchScreen.storyboard in Resources */ = {isa = PBXBuildFile; fileRef = 963678E9242656F800A9B121 /* LaunchScreen.storyboard */; };
		963678F6242656F800A9B121 /* CroesusTests.swift in Sources */ = {isa = PBXBuildFile; fileRef = 963678F5242656F800A9B121 /* CroesusTests.swift */; };
		96367901242656F800A9B121 /* CroesusUITests.swift in Sources */ = {isa = PBXBuildFile; fileRef = 96367900242656F800A9B121 /* CroesusUITests.swift */; };
		9636790F2426667A00A9B121 /* GoogleService-Info.plist in Resources */ = {isa = PBXBuildFile; fileRef = 9636790E2426667A00A9B121 /* GoogleService-Info.plist */; };
		963679122426762700A9B121 /* RegistrationViewController.swift in Sources */ = {isa = PBXBuildFile; fileRef = 963679112426762700A9B121 /* RegistrationViewController.swift */; };
		96367914242676C400A9B121 /* LoginViewController.swift in Sources */ = {isa = PBXBuildFile; fileRef = 96367913242676C400A9B121 /* LoginViewController.swift */; };
		964C98ED2427D61200D9619E /* PersonalInformationViewController.swift in Sources */ = {isa = PBXBuildFile; fileRef = 964C98EC2427D61200D9619E /* PersonalInformationViewController.swift */; };
		96660118242ABDD50060F14F /* Constants.swift in Sources */ = {isa = PBXBuildFile; fileRef = 96660117242ABDD50060F14F /* Constants.swift */; };
		968F08DD24290E0200447A57 /* ActivityIndicator.swift in Sources */ = {isa = PBXBuildFile; fileRef = 968F08DC24290E0200447A57 /* ActivityIndicator.swift */; };
		968F08DF24291E0800447A57 /* PresentTabController.swift in Sources */ = {isa = PBXBuildFile; fileRef = 968F08DE24291E0800447A57 /* PresentTabController.swift */; };
		968F08E1242920D700447A57 /* RotateImageViewController.swift in Sources */ = {isa = PBXBuildFile; fileRef = 968F08E0242920D700447A57 /* RotateImageViewController.swift */; };
		968F08E324296C6600447A57 /* RotateImageExtension.swift in Sources */ = {isa = PBXBuildFile; fileRef = 968F08E224296C6600447A57 /* RotateImageExtension.swift */; };
		96C265AC242D4D5A002269A6 /* SurveyViewController.swift in Sources */ = {isa = PBXBuildFile; fileRef = 96C265AB242D4D5A002269A6 /* SurveyViewController.swift */; };
		96C265AF242D4EFD002269A6 /* SurveyTask.swift in Sources */ = {isa = PBXBuildFile; fileRef = 96C265AE242D4EFD002269A6 /* SurveyTask.swift */; };
		96C265B3242D6646002269A6 /* RootViewController.swift in Sources */ = {isa = PBXBuildFile; fileRef = 96C265B2242D6646002269A6 /* RootViewController.swift */; };
		96C265B7242D75F1002269A6 /* Colors.swift in Sources */ = {isa = PBXBuildFile; fileRef = 96C265B6242D75F1002269A6 /* Colors.swift */; };
		96FA6FD42427DDF100D009EA /* UserData.swift in Sources */ = {isa = PBXBuildFile; fileRef = 96FA6FD32427DDF100D009EA /* UserData.swift */; };
		96FA6FD62427E10400D009EA /* User.swift in Sources */ = {isa = PBXBuildFile; fileRef = 96FA6FD52427E10400D009EA /* User.swift */; };
		96FA6FD92427F7AD00D009EA /* FIRFirestoreService.swift in Sources */ = {isa = PBXBuildFile; fileRef = 96FA6FD82427F7AD00D009EA /* FIRFirestoreService.swift */; };
		96FA6FDB24280FBB00D009EA /* FIRCollectionReference.swift in Sources */ = {isa = PBXBuildFile; fileRef = 96FA6FDA24280FBB00D009EA /* FIRCollectionReference.swift */; };
		96FA6FDE2428136E00D009EA /* EncodableExtension.swift in Sources */ = {isa = PBXBuildFile; fileRef = 96FA6FDD2428136E00D009EA /* EncodableExtension.swift */; };
		96FA6FE024281AA600D009EA /* SnapshotExtension.swift in Sources */ = {isa = PBXBuildFile; fileRef = 96FA6FDF24281AA600D009EA /* SnapshotExtension.swift */; };
		A560CAC5E4B0EB72A735E95A /* Pods_Croesus.framework in Frameworks */ = {isa = PBXBuildFile; fileRef = B150CBB389BDD966D6091814 /* Pods_Croesus.framework */; };
/* End PBXBuildFile section */

/* Begin PBXContainerItemProxy section */
		963678F2242656F800A9B121 /* PBXContainerItemProxy */ = {
			isa = PBXContainerItemProxy;
			containerPortal = 963678CE242656F500A9B121 /* Project object */;
			proxyType = 1;
			remoteGlobalIDString = 963678D5242656F500A9B121;
			remoteInfo = Croesus;
		};
		963678FD242656F800A9B121 /* PBXContainerItemProxy */ = {
			isa = PBXContainerItemProxy;
			containerPortal = 963678CE242656F500A9B121 /* Project object */;
			proxyType = 1;
			remoteGlobalIDString = 963678D5242656F500A9B121;
			remoteInfo = Croesus;
		};
/* End PBXContainerItemProxy section */

/* Begin PBXFileReference section */
		134A9901E4CC98B143ED82C9 /* Pods-Croesus-CroesusUITests.release.xcconfig */ = {isa = PBXFileReference; includeInIndex = 1; lastKnownFileType = text.xcconfig; name = "Pods-Croesus-CroesusUITests.release.xcconfig"; path = "Target Support Files/Pods-Croesus-CroesusUITests/Pods-Croesus-CroesusUITests.release.xcconfig"; sourceTree = "<group>"; };
		220A99DEFBCD883445B4EB3D /* Pods_Croesus_CroesusUITests.framework */ = {isa = PBXFileReference; explicitFileType = wrapper.framework; includeInIndex = 0; path = Pods_Croesus_CroesusUITests.framework; sourceTree = BUILT_PRODUCTS_DIR; };
		4DF763EE38387020A122DBAA /* Pods-Croesus.release.xcconfig */ = {isa = PBXFileReference; includeInIndex = 1; lastKnownFileType = text.xcconfig; name = "Pods-Croesus.release.xcconfig"; path = "Target Support Files/Pods-Croesus/Pods-Croesus.release.xcconfig"; sourceTree = "<group>"; };
		53B476D99D9F8390EEDE6503 /* Pods-CroesusTests.release.xcconfig */ = {isa = PBXFileReference; includeInIndex = 1; lastKnownFileType = text.xcconfig; name = "Pods-CroesusTests.release.xcconfig"; path = "Target Support Files/Pods-CroesusTests/Pods-CroesusTests.release.xcconfig"; sourceTree = "<group>"; };
		57D5B1380F9DDB1F487A3DBD /* Pods-Croesus.debug.xcconfig */ = {isa = PBXFileReference; includeInIndex = 1; lastKnownFileType = text.xcconfig; name = "Pods-Croesus.debug.xcconfig"; path = "Target Support Files/Pods-Croesus/Pods-Croesus.debug.xcconfig"; sourceTree = "<group>"; };
		961E1E3624269B1000A843D4 /* TabBarController.swift */ = {isa = PBXFileReference; lastKnownFileType = sourcecode.swift; path = TabBarController.swift; sourceTree = "<group>"; };
		961E1E3824269D2B00A843D4 /* Croesus.entitlements */ = {isa = PBXFileReference; lastKnownFileType = text.plist.entitlements; path = Croesus.entitlements; sourceTree = "<group>"; };
		962F0E34242D31EF00CAB74E /* Question.swift */ = {isa = PBXFileReference; lastKnownFileType = sourcecode.swift; path = Question.swift; sourceTree = "<group>"; };
		96346370242B738900C6F5FD /* SurveryCell.swift */ = {isa = PBXFileReference; lastKnownFileType = sourcecode.swift; path = SurveryCell.swift; sourceTree = "<group>"; };
		963678D6242656F500A9B121 /* Croesus.app */ = {isa = PBXFileReference; explicitFileType = wrapper.application; includeInIndex = 0; path = Croesus.app; sourceTree = BUILT_PRODUCTS_DIR; };
		963678D9242656F500A9B121 /* AppDelegate.swift */ = {isa = PBXFileReference; lastKnownFileType = sourcecode.swift; path = AppDelegate.swift; sourceTree = "<group>"; };
		963678DB242656F500A9B121 /* SceneDelegate.swift */ = {isa = PBXFileReference; lastKnownFileType = sourcecode.swift; path = SceneDelegate.swift; sourceTree = "<group>"; };
		963678DD242656F500A9B121 /* FirstViewController.swift */ = {isa = PBXFileReference; lastKnownFileType = sourcecode.swift; path = FirstViewController.swift; sourceTree = "<group>"; };
		963678DF242656F500A9B121 /* SecondViewController.swift */ = {isa = PBXFileReference; lastKnownFileType = sourcecode.swift; path = SecondViewController.swift; sourceTree = "<group>"; };
		963678E2242656F500A9B121 /* Base */ = {isa = PBXFileReference; lastKnownFileType = file.storyboard; name = Base; path = Base.lproj/Main.storyboard; sourceTree = "<group>"; };
		963678E5242656F500A9B121 /* Croesus.xcdatamodel */ = {isa = PBXFileReference; lastKnownFileType = wrapper.xcdatamodel; path = Croesus.xcdatamodel; sourceTree = "<group>"; };
		963678E7242656F800A9B121 /* Assets.xcassets */ = {isa = PBXFileReference; lastKnownFileType = folder.assetcatalog; path = Assets.xcassets; sourceTree = "<group>"; };
		963678EA242656F800A9B121 /* Base */ = {isa = PBXFileReference; lastKnownFileType = file.storyboard; name = Base; path = Base.lproj/LaunchScreen.storyboard; sourceTree = "<group>"; };
		963678EC242656F800A9B121 /* Info.plist */ = {isa = PBXFileReference; lastKnownFileType = text.plist.xml; path = Info.plist; sourceTree = "<group>"; };
		963678F1242656F800A9B121 /* CroesusTests.xctest */ = {isa = PBXFileReference; explicitFileType = wrapper.cfbundle; includeInIndex = 0; path = CroesusTests.xctest; sourceTree = BUILT_PRODUCTS_DIR; };
		963678F5242656F800A9B121 /* CroesusTests.swift */ = {isa = PBXFileReference; lastKnownFileType = sourcecode.swift; path = CroesusTests.swift; sourceTree = "<group>"; };
		963678F7242656F800A9B121 /* Info.plist */ = {isa = PBXFileReference; lastKnownFileType = text.plist.xml; path = Info.plist; sourceTree = "<group>"; };
		963678FC242656F800A9B121 /* CroesusUITests.xctest */ = {isa = PBXFileReference; explicitFileType = wrapper.cfbundle; includeInIndex = 0; path = CroesusUITests.xctest; sourceTree = BUILT_PRODUCTS_DIR; };
		96367900242656F800A9B121 /* CroesusUITests.swift */ = {isa = PBXFileReference; lastKnownFileType = sourcecode.swift; path = CroesusUITests.swift; sourceTree = "<group>"; };
		96367902242656F800A9B121 /* Info.plist */ = {isa = PBXFileReference; lastKnownFileType = text.plist.xml; path = Info.plist; sourceTree = "<group>"; };
		9636790E2426667A00A9B121 /* GoogleService-Info.plist */ = {isa = PBXFileReference; fileEncoding = 4; lastKnownFileType = text.plist.xml; path = "GoogleService-Info.plist"; sourceTree = "<group>"; };
		963679112426762700A9B121 /* RegistrationViewController.swift */ = {isa = PBXFileReference; lastKnownFileType = sourcecode.swift; path = RegistrationViewController.swift; sourceTree = "<group>"; };
		96367913242676C400A9B121 /* LoginViewController.swift */ = {isa = PBXFileReference; lastKnownFileType = sourcecode.swift; path = LoginViewController.swift; sourceTree = "<group>"; };
		9642B4C478827F6C211562D1 /* Pods-CroesusTests.debug.xcconfig */ = {isa = PBXFileReference; includeInIndex = 1; lastKnownFileType = text.xcconfig; name = "Pods-CroesusTests.debug.xcconfig"; path = "Target Support Files/Pods-CroesusTests/Pods-CroesusTests.debug.xcconfig"; sourceTree = "<group>"; };
		964C98EC2427D61200D9619E /* PersonalInformationViewController.swift */ = {isa = PBXFileReference; lastKnownFileType = sourcecode.swift; path = PersonalInformationViewController.swift; sourceTree = "<group>"; };
		96660117242ABDD50060F14F /* Constants.swift */ = {isa = PBXFileReference; lastKnownFileType = sourcecode.swift; path = Constants.swift; sourceTree = "<group>"; };
		968F08DC24290E0200447A57 /* ActivityIndicator.swift */ = {isa = PBXFileReference; lastKnownFileType = sourcecode.swift; path = ActivityIndicator.swift; sourceTree = "<group>"; };
		968F08DE24291E0800447A57 /* PresentTabController.swift */ = {isa = PBXFileReference; lastKnownFileType = sourcecode.swift; path = PresentTabController.swift; sourceTree = "<group>"; };
		968F08E0242920D700447A57 /* RotateImageViewController.swift */ = {isa = PBXFileReference; lastKnownFileType = sourcecode.swift; path = RotateImageViewController.swift; sourceTree = "<group>"; };
		968F08E224296C6600447A57 /* RotateImageExtension.swift */ = {isa = PBXFileReference; lastKnownFileType = sourcecode.swift; path = RotateImageExtension.swift; sourceTree = "<group>"; };
		96C265AB242D4D5A002269A6 /* SurveyViewController.swift */ = {isa = PBXFileReference; lastKnownFileType = sourcecode.swift; path = SurveyViewController.swift; sourceTree = "<group>"; };
		96C265AE242D4EFD002269A6 /* SurveyTask.swift */ = {isa = PBXFileReference; lastKnownFileType = sourcecode.swift; path = SurveyTask.swift; sourceTree = "<group>"; };
		96C265B2242D6646002269A6 /* RootViewController.swift */ = {isa = PBXFileReference; lastKnownFileType = sourcecode.swift; path = RootViewController.swift; sourceTree = "<group>"; };
		96C265B6242D75F1002269A6 /* Colors.swift */ = {isa = PBXFileReference; lastKnownFileType = sourcecode.swift; path = Colors.swift; sourceTree = "<group>"; };
		96FA6FD32427DDF100D009EA /* UserData.swift */ = {isa = PBXFileReference; lastKnownFileType = sourcecode.swift; path = UserData.swift; sourceTree = "<group>"; };
		96FA6FD52427E10400D009EA /* User.swift */ = {isa = PBXFileReference; lastKnownFileType = sourcecode.swift; path = User.swift; sourceTree = "<group>"; };
		96FA6FD82427F7AD00D009EA /* FIRFirestoreService.swift */ = {isa = PBXFileReference; lastKnownFileType = sourcecode.swift; path = FIRFirestoreService.swift; sourceTree = "<group>"; };
		96FA6FDA24280FBB00D009EA /* FIRCollectionReference.swift */ = {isa = PBXFileReference; lastKnownFileType = sourcecode.swift; path = FIRCollectionReference.swift; sourceTree = "<group>"; };
		96FA6FDD2428136E00D009EA /* EncodableExtension.swift */ = {isa = PBXFileReference; lastKnownFileType = sourcecode.swift; path = EncodableExtension.swift; sourceTree = "<group>"; };
		96FA6FDF24281AA600D009EA /* SnapshotExtension.swift */ = {isa = PBXFileReference; lastKnownFileType = sourcecode.swift; path = SnapshotExtension.swift; sourceTree = "<group>"; };
		AEC6E8DABDE09B45F3A0DC1C /* Pods-Croesus-CroesusUITests.debug.xcconfig */ = {isa = PBXFileReference; includeInIndex = 1; lastKnownFileType = text.xcconfig; name = "Pods-Croesus-CroesusUITests.debug.xcconfig"; path = "Target Support Files/Pods-Croesus-CroesusUITests/Pods-Croesus-CroesusUITests.debug.xcconfig"; sourceTree = "<group>"; };
		B150CBB389BDD966D6091814 /* Pods_Croesus.framework */ = {isa = PBXFileReference; explicitFileType = wrapper.framework; includeInIndex = 0; path = Pods_Croesus.framework; sourceTree = BUILT_PRODUCTS_DIR; };
		E38B2DC8338EC802E0BEC0C1 /* Pods_CroesusTests.framework */ = {isa = PBXFileReference; explicitFileType = wrapper.framework; includeInIndex = 0; path = Pods_CroesusTests.framework; sourceTree = BUILT_PRODUCTS_DIR; };
/* End PBXFileReference section */

/* Begin PBXFrameworksBuildPhase section */
		963678D3242656F500A9B121 /* Frameworks */ = {
			isa = PBXFrameworksBuildPhase;
			buildActionMask = 2147483647;
			files = (
				A560CAC5E4B0EB72A735E95A /* Pods_Croesus.framework in Frameworks */,
			);
			runOnlyForDeploymentPostprocessing = 0;
		};
		963678EE242656F800A9B121 /* Frameworks */ = {
			isa = PBXFrameworksBuildPhase;
			buildActionMask = 2147483647;
			files = (
				78F0ADFCB49BF75FE6BA7649 /* Pods_CroesusTests.framework in Frameworks */,
			);
			runOnlyForDeploymentPostprocessing = 0;
		};
		963678F9242656F800A9B121 /* Frameworks */ = {
			isa = PBXFrameworksBuildPhase;
			buildActionMask = 2147483647;
			files = (
				92C00804DB70477AFFF71343 /* Pods_Croesus_CroesusUITests.framework in Frameworks */,
			);
			runOnlyForDeploymentPostprocessing = 0;
		};
/* End PBXFrameworksBuildPhase section */

/* Begin PBXGroup section */
		96346372242B739000C6F5FD /* TableViewCells */ = {
			isa = PBXGroup;
			children = (
				96346370242B738900C6F5FD /* SurveryCell.swift */,
			);
			path = TableViewCells;
			sourceTree = "<group>";
		};
		963678CD242656F500A9B121 = {
			isa = PBXGroup;
			children = (
				963678D8242656F500A9B121 /* Croesus */,
				963678F4242656F800A9B121 /* CroesusTests */,
				963678FF242656F800A9B121 /* CroesusUITests */,
				963678D7242656F500A9B121 /* Products */,
				C7573BFAECF4CA2C6E7A1113 /* Pods */,
				F26748A9EB22B2A4FC46B9C6 /* Frameworks */,
			);
			sourceTree = "<group>";
		};
		963678D7242656F500A9B121 /* Products */ = {
			isa = PBXGroup;
			children = (
				963678D6242656F500A9B121 /* Croesus.app */,
				963678F1242656F800A9B121 /* CroesusTests.xctest */,
				963678FC242656F800A9B121 /* CroesusUITests.xctest */,
			);
			name = Products;
			sourceTree = "<group>";
		};
		963678D8242656F500A9B121 /* Croesus */ = {
			isa = PBXGroup;
			children = (
				96C265AD242D4EA4002269A6 /* Modules */,
				96660116242ABDB80060F14F /* World */,
				968F08DB24290DE500447A57 /* Helpers */,
				96FA6FDC2428135800D009EA /* Extensions */,
				96FA6FD72427F72900D009EA /* Managers */,
				96FA6FD22427DDE300D009EA /* Models */,
				964C98EB2427D55E00D9619E /* Storyboards */,
				964C98EA2427D55200D9619E /* SupportFiles */,
				964C98E92427D52D00D9619E /* ViewControllers */,
				961E1E3824269D2B00A843D4 /* Croesus.entitlements */,
				963678E7242656F800A9B121 /* Assets.xcassets */,
				963678EC242656F800A9B121 /* Info.plist */,
				9636790E2426667A00A9B121 /* GoogleService-Info.plist */,
				963678E4242656F500A9B121 /* Croesus.xcdatamodeld */,
			);
			path = Croesus;
			sourceTree = "<group>";
		};
		963678F4242656F800A9B121 /* CroesusTests */ = {
			isa = PBXGroup;
			children = (
				963678F5242656F800A9B121 /* CroesusTests.swift */,
				963678F7242656F800A9B121 /* Info.plist */,
			);
			path = CroesusTests;
			sourceTree = "<group>";
		};
		963678FF242656F800A9B121 /* CroesusUITests */ = {
			isa = PBXGroup;
			children = (
				96367900242656F800A9B121 /* CroesusUITests.swift */,
				96367902242656F800A9B121 /* Info.plist */,
			);
			path = CroesusUITests;
			sourceTree = "<group>";
		};
		964C98E92427D52D00D9619E /* ViewControllers */ = {
			isa = PBXGroup;
			children = (
				96C265AA242D4D47002269A6 /* Survey */,
				96346372242B739000C6F5FD /* TableViewCells */,
				963678DD242656F500A9B121 /* FirstViewController.swift */,
				963678DF242656F500A9B121 /* SecondViewController.swift */,
				96367913242676C400A9B121 /* LoginViewController.swift */,
				961E1E3624269B1000A843D4 /* TabBarController.swift */,
				963679112426762700A9B121 /* RegistrationViewController.swift */,
				964C98EC2427D61200D9619E /* PersonalInformationViewController.swift */,
				968F08E0242920D700447A57 /* RotateImageViewController.swift */,
				96C265B2242D6646002269A6 /* RootViewController.swift */,
			);
			path = ViewControllers;
			sourceTree = "<group>";
		};
		964C98EA2427D55200D9619E /* SupportFiles */ = {
			isa = PBXGroup;
			children = (
				963678D9242656F500A9B121 /* AppDelegate.swift */,
				963678DB242656F500A9B121 /* SceneDelegate.swift */,
			);
			path = SupportFiles;
			sourceTree = "<group>";
		};
		964C98EB2427D55E00D9619E /* Storyboards */ = {
			isa = PBXGroup;
			children = (
				963678E1242656F500A9B121 /* Main.storyboard */,
				963678E9242656F800A9B121 /* LaunchScreen.storyboard */,
			);
			path = Storyboards;
			sourceTree = "<group>";
		};
		96660116242ABDB80060F14F /* World */ = {
			isa = PBXGroup;
			children = (
				96660117242ABDD50060F14F /* Constants.swift */,
			);
			path = World;
			sourceTree = "<group>";
		};
		968F08DB24290DE500447A57 /* Helpers */ = {
			isa = PBXGroup;
			children = (
				968F08DC24290E0200447A57 /* ActivityIndicator.swift */,
				968F08DE24291E0800447A57 /* PresentTabController.swift */,
			);
			path = Helpers;
			sourceTree = "<group>";
		};
		96C265AA242D4D47002269A6 /* Survey */ = {
			isa = PBXGroup;
			children = (
				96C265AB242D4D5A002269A6 /* SurveyViewController.swift */,
			);
			path = Survey;
			sourceTree = "<group>";
		};
		96C265AD242D4EA4002269A6 /* Modules */ = {
			isa = PBXGroup;
			children = (
				96C265AE242D4EFD002269A6 /* SurveyTask.swift */,
			);
			path = Modules;
			sourceTree = "<group>";
		};
		96FA6FD22427DDE300D009EA /* Models */ = {
			isa = PBXGroup;
			children = (
				96FA6FD32427DDF100D009EA /* UserData.swift */,
				96FA6FD52427E10400D009EA /* User.swift */,
				962F0E34242D31EF00CAB74E /* Question.swift */,
			);
			path = Models;
			sourceTree = "<group>";
		};
		96FA6FD72427F72900D009EA /* Managers */ = {
			isa = PBXGroup;
			children = (
				96FA6FD82427F7AD00D009EA /* FIRFirestoreService.swift */,
				96FA6FDA24280FBB00D009EA /* FIRCollectionReference.swift */,
			);
			path = Managers;
			sourceTree = "<group>";
		};
		96FA6FDC2428135800D009EA /* Extensions */ = {
			isa = PBXGroup;
			children = (
				96FA6FDD2428136E00D009EA /* EncodableExtension.swift */,
				96FA6FDF24281AA600D009EA /* SnapshotExtension.swift */,
				968F08E224296C6600447A57 /* RotateImageExtension.swift */,
				96C265B6242D75F1002269A6 /* Colors.swift */,
			);
			path = Extensions;
			sourceTree = "<group>";
		};
		C7573BFAECF4CA2C6E7A1113 /* Pods */ = {
			isa = PBXGroup;
			children = (
				57D5B1380F9DDB1F487A3DBD /* Pods-Croesus.debug.xcconfig */,
				4DF763EE38387020A122DBAA /* Pods-Croesus.release.xcconfig */,
				AEC6E8DABDE09B45F3A0DC1C /* Pods-Croesus-CroesusUITests.debug.xcconfig */,
				134A9901E4CC98B143ED82C9 /* Pods-Croesus-CroesusUITests.release.xcconfig */,
				9642B4C478827F6C211562D1 /* Pods-CroesusTests.debug.xcconfig */,
				53B476D99D9F8390EEDE6503 /* Pods-CroesusTests.release.xcconfig */,
			);
			path = Pods;
			sourceTree = "<group>";
		};
		F26748A9EB22B2A4FC46B9C6 /* Frameworks */ = {
			isa = PBXGroup;
			children = (
				B150CBB389BDD966D6091814 /* Pods_Croesus.framework */,
				220A99DEFBCD883445B4EB3D /* Pods_Croesus_CroesusUITests.framework */,
				E38B2DC8338EC802E0BEC0C1 /* Pods_CroesusTests.framework */,
			);
			name = Frameworks;
			sourceTree = "<group>";
		};
/* End PBXGroup section */

/* Begin PBXNativeTarget section */
		963678D5242656F500A9B121 /* Croesus */ = {
			isa = PBXNativeTarget;
			buildConfigurationList = 96367905242656F800A9B121 /* Build configuration list for PBXNativeTarget "Croesus" */;
			buildPhases = (
				C1DC7077BFF348D0D19665B2 /* [CP] Check Pods Manifest.lock */,
				963678D2242656F500A9B121 /* Sources */,
				963678D3242656F500A9B121 /* Frameworks */,
				963678D4242656F500A9B121 /* Resources */,
				43AEB7B97A827F177DC39176 /* [CP] Embed Pods Frameworks */,
			);
			buildRules = (
			);
			dependencies = (
			);
			name = Croesus;
			productName = Croesus;
			productReference = 963678D6242656F500A9B121 /* Croesus.app */;
			productType = "com.apple.product-type.application";
		};
		963678F0242656F800A9B121 /* CroesusTests */ = {
			isa = PBXNativeTarget;
			buildConfigurationList = 96367908242656F800A9B121 /* Build configuration list for PBXNativeTarget "CroesusTests" */;
			buildPhases = (
				5D060B3D09A8A513103B931E /* [CP] Check Pods Manifest.lock */,
				963678ED242656F800A9B121 /* Sources */,
				963678EE242656F800A9B121 /* Frameworks */,
				963678EF242656F800A9B121 /* Resources */,
			);
			buildRules = (
			);
			dependencies = (
				963678F3242656F800A9B121 /* PBXTargetDependency */,
			);
			name = CroesusTests;
			productName = CroesusTests;
			productReference = 963678F1242656F800A9B121 /* CroesusTests.xctest */;
			productType = "com.apple.product-type.bundle.unit-test";
		};
		963678FB242656F800A9B121 /* CroesusUITests */ = {
			isa = PBXNativeTarget;
			buildConfigurationList = 9636790B242656F800A9B121 /* Build configuration list for PBXNativeTarget "CroesusUITests" */;
			buildPhases = (
				51F0EA9F2E60C987CA121E5F /* [CP] Check Pods Manifest.lock */,
				963678F8242656F800A9B121 /* Sources */,
				963678F9242656F800A9B121 /* Frameworks */,
				963678FA242656F800A9B121 /* Resources */,
				5F6D71092A17DC1BDA37DF1E /* [CP] Embed Pods Frameworks */,
			);
			buildRules = (
			);
			dependencies = (
				963678FE242656F800A9B121 /* PBXTargetDependency */,
			);
			name = CroesusUITests;
			productName = CroesusUITests;
			productReference = 963678FC242656F800A9B121 /* CroesusUITests.xctest */;
			productType = "com.apple.product-type.bundle.ui-testing";
		};
/* End PBXNativeTarget section */

/* Begin PBXProject section */
		963678CE242656F500A9B121 /* Project object */ = {
			isa = PBXProject;
			attributes = {
				LastSwiftUpdateCheck = 1120;
				LastUpgradeCheck = 1120;
				ORGANIZATIONNAME = Smithers;
				TargetAttributes = {
					963678D5242656F500A9B121 = {
						CreatedOnToolsVersion = 11.2.1;
					};
					963678F0242656F800A9B121 = {
						CreatedOnToolsVersion = 11.2.1;
						TestTargetID = 963678D5242656F500A9B121;
					};
					963678FB242656F800A9B121 = {
						CreatedOnToolsVersion = 11.2.1;
						TestTargetID = 963678D5242656F500A9B121;
					};
				};
			};
			buildConfigurationList = 963678D1242656F500A9B121 /* Build configuration list for PBXProject "Croesus" */;
			compatibilityVersion = "Xcode 9.3";
			developmentRegion = en;
			hasScannedForEncodings = 0;
			knownRegions = (
				en,
				Base,
			);
			mainGroup = 963678CD242656F500A9B121;
			productRefGroup = 963678D7242656F500A9B121 /* Products */;
			projectDirPath = "";
			projectRoot = "";
			targets = (
				963678D5242656F500A9B121 /* Croesus */,
				963678F0242656F800A9B121 /* CroesusTests */,
				963678FB242656F800A9B121 /* CroesusUITests */,
			);
		};
/* End PBXProject section */

/* Begin PBXResourcesBuildPhase section */
		963678D4242656F500A9B121 /* Resources */ = {
			isa = PBXResourcesBuildPhase;
			buildActionMask = 2147483647;
			files = (
				963678EB242656F800A9B121 /* LaunchScreen.storyboard in Resources */,
				9636790F2426667A00A9B121 /* GoogleService-Info.plist in Resources */,
				963678E8242656F800A9B121 /* Assets.xcassets in Resources */,
				963678E3242656F500A9B121 /* Main.storyboard in Resources */,
			);
			runOnlyForDeploymentPostprocessing = 0;
		};
		963678EF242656F800A9B121 /* Resources */ = {
			isa = PBXResourcesBuildPhase;
			buildActionMask = 2147483647;
			files = (
			);
			runOnlyForDeploymentPostprocessing = 0;
		};
		963678FA242656F800A9B121 /* Resources */ = {
			isa = PBXResourcesBuildPhase;
			buildActionMask = 2147483647;
			files = (
			);
			runOnlyForDeploymentPostprocessing = 0;
		};
/* End PBXResourcesBuildPhase section */

/* Begin PBXShellScriptBuildPhase section */
		43AEB7B97A827F177DC39176 /* [CP] Embed Pods Frameworks */ = {
			isa = PBXShellScriptBuildPhase;
			buildActionMask = 2147483647;
			files = (
			);
			inputFileListPaths = (
				"${PODS_ROOT}/Target Support Files/Pods-Croesus/Pods-Croesus-frameworks-${CONFIGURATION}-input-files.xcfilelist",
			);
			name = "[CP] Embed Pods Frameworks";
			outputFileListPaths = (
				"${PODS_ROOT}/Target Support Files/Pods-Croesus/Pods-Croesus-frameworks-${CONFIGURATION}-output-files.xcfilelist",
			);
			runOnlyForDeploymentPostprocessing = 0;
			shellPath = /bin/sh;
			shellScript = "\"${PODS_ROOT}/Target Support Files/Pods-Croesus/Pods-Croesus-frameworks.sh\"\n";
			showEnvVarsInLog = 0;
		};
		51F0EA9F2E60C987CA121E5F /* [CP] Check Pods Manifest.lock */ = {
			isa = PBXShellScriptBuildPhase;
			buildActionMask = 2147483647;
			files = (
			);
			inputFileListPaths = (
			);
			inputPaths = (
				"${PODS_PODFILE_DIR_PATH}/Podfile.lock",
				"${PODS_ROOT}/Manifest.lock",
			);
			name = "[CP] Check Pods Manifest.lock";
			outputFileListPaths = (
			);
			outputPaths = (
				"$(DERIVED_FILE_DIR)/Pods-Croesus-CroesusUITests-checkManifestLockResult.txt",
			);
			runOnlyForDeploymentPostprocessing = 0;
			shellPath = /bin/sh;
			shellScript = "diff \"${PODS_PODFILE_DIR_PATH}/Podfile.lock\" \"${PODS_ROOT}/Manifest.lock\" > /dev/null\nif [ $? != 0 ] ; then\n    # print error to STDERR\n    echo \"error: The sandbox is not in sync with the Podfile.lock. Run 'pod install' or update your CocoaPods installation.\" >&2\n    exit 1\nfi\n# This output is used by Xcode 'outputs' to avoid re-running this script phase.\necho \"SUCCESS\" > \"${SCRIPT_OUTPUT_FILE_0}\"\n";
			showEnvVarsInLog = 0;
		};
		5D060B3D09A8A513103B931E /* [CP] Check Pods Manifest.lock */ = {
			isa = PBXShellScriptBuildPhase;
			buildActionMask = 2147483647;
			files = (
			);
			inputFileListPaths = (
			);
			inputPaths = (
				"${PODS_PODFILE_DIR_PATH}/Podfile.lock",
				"${PODS_ROOT}/Manifest.lock",
			);
			name = "[CP] Check Pods Manifest.lock";
			outputFileListPaths = (
			);
			outputPaths = (
				"$(DERIVED_FILE_DIR)/Pods-CroesusTests-checkManifestLockResult.txt",
			);
			runOnlyForDeploymentPostprocessing = 0;
			shellPath = /bin/sh;
			shellScript = "diff \"${PODS_PODFILE_DIR_PATH}/Podfile.lock\" \"${PODS_ROOT}/Manifest.lock\" > /dev/null\nif [ $? != 0 ] ; then\n    # print error to STDERR\n    echo \"error: The sandbox is not in sync with the Podfile.lock. Run 'pod install' or update your CocoaPods installation.\" >&2\n    exit 1\nfi\n# This output is used by Xcode 'outputs' to avoid re-running this script phase.\necho \"SUCCESS\" > \"${SCRIPT_OUTPUT_FILE_0}\"\n";
			showEnvVarsInLog = 0;
		};
		5F6D71092A17DC1BDA37DF1E /* [CP] Embed Pods Frameworks */ = {
			isa = PBXShellScriptBuildPhase;
			buildActionMask = 2147483647;
			files = (
			);
			inputFileListPaths = (
				"${PODS_ROOT}/Target Support Files/Pods-Croesus-CroesusUITests/Pods-Croesus-CroesusUITests-frameworks-${CONFIGURATION}-input-files.xcfilelist",
			);
			name = "[CP] Embed Pods Frameworks";
			outputFileListPaths = (
				"${PODS_ROOT}/Target Support Files/Pods-Croesus-CroesusUITests/Pods-Croesus-CroesusUITests-frameworks-${CONFIGURATION}-output-files.xcfilelist",
			);
			runOnlyForDeploymentPostprocessing = 0;
			shellPath = /bin/sh;
			shellScript = "\"${PODS_ROOT}/Target Support Files/Pods-Croesus-CroesusUITests/Pods-Croesus-CroesusUITests-frameworks.sh\"\n";
			showEnvVarsInLog = 0;
		};
		C1DC7077BFF348D0D19665B2 /* [CP] Check Pods Manifest.lock */ = {
			isa = PBXShellScriptBuildPhase;
			buildActionMask = 2147483647;
			files = (
			);
			inputFileListPaths = (
			);
			inputPaths = (
				"${PODS_PODFILE_DIR_PATH}/Podfile.lock",
				"${PODS_ROOT}/Manifest.lock",
			);
			name = "[CP] Check Pods Manifest.lock";
			outputFileListPaths = (
			);
			outputPaths = (
				"$(DERIVED_FILE_DIR)/Pods-Croesus-checkManifestLockResult.txt",
			);
			runOnlyForDeploymentPostprocessing = 0;
			shellPath = /bin/sh;
			shellScript = "diff \"${PODS_PODFILE_DIR_PATH}/Podfile.lock\" \"${PODS_ROOT}/Manifest.lock\" > /dev/null\nif [ $? != 0 ] ; then\n    # print error to STDERR\n    echo \"error: The sandbox is not in sync with the Podfile.lock. Run 'pod install' or update your CocoaPods installation.\" >&2\n    exit 1\nfi\n# This output is used by Xcode 'outputs' to avoid re-running this script phase.\necho \"SUCCESS\" > \"${SCRIPT_OUTPUT_FILE_0}\"\n";
			showEnvVarsInLog = 0;
		};
/* End PBXShellScriptBuildPhase section */

/* Begin PBXSourcesBuildPhase section */
		963678D2242656F500A9B121 /* Sources */ = {
			isa = PBXSourcesBuildPhase;
			buildActionMask = 2147483647;
			files = (
				96367914242676C400A9B121 /* LoginViewController.swift in Sources */,
				96C265AC242D4D5A002269A6 /* SurveyViewController.swift in Sources */,
				96FA6FD92427F7AD00D009EA /* FIRFirestoreService.swift in Sources */,
				961E1E3724269B1000A843D4 /* TabBarController.swift in Sources */,
				96FA6FDE2428136E00D009EA /* EncodableExtension.swift in Sources */,
				963679122426762700A9B121 /* RegistrationViewController.swift in Sources */,
				963678E0242656F500A9B121 /* SecondViewController.swift in Sources */,
				96346371242B738900C6F5FD /* SurveryCell.swift in Sources */,
				963678DE242656F500A9B121 /* FirstViewController.swift in Sources */,
				964C98ED2427D61200D9619E /* PersonalInformationViewController.swift in Sources */,
				962F0E35242D31EF00CAB74E /* Question.swift in Sources */,
				96FA6FE024281AA600D009EA /* SnapshotExtension.swift in Sources */,
				963678E6242656F500A9B121 /* Croesus.xcdatamodeld in Sources */,
				96FA6FDB24280FBB00D009EA /* FIRCollectionReference.swift in Sources */,
				963678DA242656F500A9B121 /* AppDelegate.swift in Sources */,
				96C265B3242D6646002269A6 /* RootViewController.swift in Sources */,
				968F08DD24290E0200447A57 /* ActivityIndicator.swift in Sources */,
				968F08E324296C6600447A57 /* RotateImageExtension.swift in Sources */,
				968F08E1242920D700447A57 /* RotateImageViewController.swift in Sources */,
				96660118242ABDD50060F14F /* Constants.swift in Sources */,
				96FA6FD42427DDF100D009EA /* UserData.swift in Sources */,
				96C265B7242D75F1002269A6 /* Colors.swift in Sources */,
				96C265AF242D4EFD002269A6 /* SurveyTask.swift in Sources */,
				963678DC242656F500A9B121 /* SceneDelegate.swift in Sources */,
				968F08DF24291E0800447A57 /* PresentTabController.swift in Sources */,
				96FA6FD62427E10400D009EA /* User.swift in Sources */,
			);
			runOnlyForDeploymentPostprocessing = 0;
		};
		963678ED242656F800A9B121 /* Sources */ = {
			isa = PBXSourcesBuildPhase;
			buildActionMask = 2147483647;
			files = (
				963678F6242656F800A9B121 /* CroesusTests.swift in Sources */,
			);
			runOnlyForDeploymentPostprocessing = 0;
		};
		963678F8242656F800A9B121 /* Sources */ = {
			isa = PBXSourcesBuildPhase;
			buildActionMask = 2147483647;
			files = (
				96367901242656F800A9B121 /* CroesusUITests.swift in Sources */,
			);
			runOnlyForDeploymentPostprocessing = 0;
		};
/* End PBXSourcesBuildPhase section */

/* Begin PBXTargetDependency section */
		963678F3242656F800A9B121 /* PBXTargetDependency */ = {
			isa = PBXTargetDependency;
			target = 963678D5242656F500A9B121 /* Croesus */;
			targetProxy = 963678F2242656F800A9B121 /* PBXContainerItemProxy */;
		};
		963678FE242656F800A9B121 /* PBXTargetDependency */ = {
			isa = PBXTargetDependency;
			target = 963678D5242656F500A9B121 /* Croesus */;
			targetProxy = 963678FD242656F800A9B121 /* PBXContainerItemProxy */;
		};
/* End PBXTargetDependency section */

/* Begin PBXVariantGroup section */
		963678E1242656F500A9B121 /* Main.storyboard */ = {
			isa = PBXVariantGroup;
			children = (
				963678E2242656F500A9B121 /* Base */,
			);
			name = Main.storyboard;
			sourceTree = "<group>";
		};
		963678E9242656F800A9B121 /* LaunchScreen.storyboard */ = {
			isa = PBXVariantGroup;
			children = (
				963678EA242656F800A9B121 /* Base */,
			);
			name = LaunchScreen.storyboard;
			sourceTree = "<group>";
		};
/* End PBXVariantGroup section */

/* Begin XCBuildConfiguration section */
		96367903242656F800A9B121 /* Debug */ = {
			isa = XCBuildConfiguration;
			buildSettings = {
				ALWAYS_SEARCH_USER_PATHS = NO;
				CLANG_ANALYZER_NONNULL = YES;
				CLANG_ANALYZER_NUMBER_OBJECT_CONVERSION = YES_AGGRESSIVE;
				CLANG_CXX_LANGUAGE_STANDARD = "gnu++14";
				CLANG_CXX_LIBRARY = "libc++";
				CLANG_ENABLE_MODULES = YES;
				CLANG_ENABLE_OBJC_ARC = YES;
				CLANG_ENABLE_OBJC_WEAK = YES;
				CLANG_WARN_BLOCK_CAPTURE_AUTORELEASING = YES;
				CLANG_WARN_BOOL_CONVERSION = YES;
				CLANG_WARN_COMMA = YES;
				CLANG_WARN_CONSTANT_CONVERSION = YES;
				CLANG_WARN_DEPRECATED_OBJC_IMPLEMENTATIONS = YES;
				CLANG_WARN_DIRECT_OBJC_ISA_USAGE = YES_ERROR;
				CLANG_WARN_DOCUMENTATION_COMMENTS = YES;
				CLANG_WARN_EMPTY_BODY = YES;
				CLANG_WARN_ENUM_CONVERSION = YES;
				CLANG_WARN_INFINITE_RECURSION = YES;
				CLANG_WARN_INT_CONVERSION = YES;
				CLANG_WARN_NON_LITERAL_NULL_CONVERSION = YES;
				CLANG_WARN_OBJC_IMPLICIT_RETAIN_SELF = YES;
				CLANG_WARN_OBJC_LITERAL_CONVERSION = YES;
				CLANG_WARN_OBJC_ROOT_CLASS = YES_ERROR;
				CLANG_WARN_RANGE_LOOP_ANALYSIS = YES;
				CLANG_WARN_STRICT_PROTOTYPES = YES;
				CLANG_WARN_SUSPICIOUS_MOVE = YES;
				CLANG_WARN_UNGUARDED_AVAILABILITY = YES_AGGRESSIVE;
				CLANG_WARN_UNREACHABLE_CODE = YES;
				CLANG_WARN__DUPLICATE_METHOD_MATCH = YES;
				COPY_PHASE_STRIP = NO;
				DEBUG_INFORMATION_FORMAT = dwarf;
				ENABLE_STRICT_OBJC_MSGSEND = YES;
				ENABLE_TESTABILITY = YES;
				GCC_C_LANGUAGE_STANDARD = gnu11;
				GCC_DYNAMIC_NO_PIC = NO;
				GCC_NO_COMMON_BLOCKS = YES;
				GCC_OPTIMIZATION_LEVEL = 0;
				GCC_PREPROCESSOR_DEFINITIONS = (
					"DEBUG=1",
					"$(inherited)",
				);
				GCC_WARN_64_TO_32_BIT_CONVERSION = YES;
				GCC_WARN_ABOUT_RETURN_TYPE = YES_ERROR;
				GCC_WARN_UNDECLARED_SELECTOR = YES;
				GCC_WARN_UNINITIALIZED_AUTOS = YES_AGGRESSIVE;
				GCC_WARN_UNUSED_FUNCTION = YES;
				GCC_WARN_UNUSED_VARIABLE = YES;
				IPHONEOS_DEPLOYMENT_TARGET = 13.2;
				MTL_ENABLE_DEBUG_INFO = INCLUDE_SOURCE;
				MTL_FAST_MATH = YES;
				ONLY_ACTIVE_ARCH = YES;
				SDKROOT = iphoneos;
				SWIFT_ACTIVE_COMPILATION_CONDITIONS = DEBUG;
				SWIFT_OPTIMIZATION_LEVEL = "-Onone";
			};
			name = Debug;
		};
		96367904242656F800A9B121 /* Release */ = {
			isa = XCBuildConfiguration;
			buildSettings = {
				ALWAYS_SEARCH_USER_PATHS = NO;
				CLANG_ANALYZER_NONNULL = YES;
				CLANG_ANALYZER_NUMBER_OBJECT_CONVERSION = YES_AGGRESSIVE;
				CLANG_CXX_LANGUAGE_STANDARD = "gnu++14";
				CLANG_CXX_LIBRARY = "libc++";
				CLANG_ENABLE_MODULES = YES;
				CLANG_ENABLE_OBJC_ARC = YES;
				CLANG_ENABLE_OBJC_WEAK = YES;
				CLANG_WARN_BLOCK_CAPTURE_AUTORELEASING = YES;
				CLANG_WARN_BOOL_CONVERSION = YES;
				CLANG_WARN_COMMA = YES;
				CLANG_WARN_CONSTANT_CONVERSION = YES;
				CLANG_WARN_DEPRECATED_OBJC_IMPLEMENTATIONS = YES;
				CLANG_WARN_DIRECT_OBJC_ISA_USAGE = YES_ERROR;
				CLANG_WARN_DOCUMENTATION_COMMENTS = YES;
				CLANG_WARN_EMPTY_BODY = YES;
				CLANG_WARN_ENUM_CONVERSION = YES;
				CLANG_WARN_INFINITE_RECURSION = YES;
				CLANG_WARN_INT_CONVERSION = YES;
				CLANG_WARN_NON_LITERAL_NULL_CONVERSION = YES;
				CLANG_WARN_OBJC_IMPLICIT_RETAIN_SELF = YES;
				CLANG_WARN_OBJC_LITERAL_CONVERSION = YES;
				CLANG_WARN_OBJC_ROOT_CLASS = YES_ERROR;
				CLANG_WARN_RANGE_LOOP_ANALYSIS = YES;
				CLANG_WARN_STRICT_PROTOTYPES = YES;
				CLANG_WARN_SUSPICIOUS_MOVE = YES;
				CLANG_WARN_UNGUARDED_AVAILABILITY = YES_AGGRESSIVE;
				CLANG_WARN_UNREACHABLE_CODE = YES;
				CLANG_WARN__DUPLICATE_METHOD_MATCH = YES;
				COPY_PHASE_STRIP = NO;
				DEBUG_INFORMATION_FORMAT = "dwarf-with-dsym";
				ENABLE_NS_ASSERTIONS = NO;
				ENABLE_STRICT_OBJC_MSGSEND = YES;
				GCC_C_LANGUAGE_STANDARD = gnu11;
				GCC_NO_COMMON_BLOCKS = YES;
				GCC_WARN_64_TO_32_BIT_CONVERSION = YES;
				GCC_WARN_ABOUT_RETURN_TYPE = YES_ERROR;
				GCC_WARN_UNDECLARED_SELECTOR = YES;
				GCC_WARN_UNINITIALIZED_AUTOS = YES_AGGRESSIVE;
				GCC_WARN_UNUSED_FUNCTION = YES;
				GCC_WARN_UNUSED_VARIABLE = YES;
				IPHONEOS_DEPLOYMENT_TARGET = 13.2;
				MTL_ENABLE_DEBUG_INFO = NO;
				MTL_FAST_MATH = YES;
				SDKROOT = iphoneos;
				SWIFT_COMPILATION_MODE = wholemodule;
				SWIFT_OPTIMIZATION_LEVEL = "-O";
				VALIDATE_PRODUCT = YES;
			};
			name = Release;
		};
		96367906242656F800A9B121 /* Debug */ = {
			isa = XCBuildConfiguration;
			baseConfigurationReference = 57D5B1380F9DDB1F487A3DBD /* Pods-Croesus.debug.xcconfig */;
			buildSettings = {
				ASSETCATALOG_COMPILER_APPICON_NAME = AppIcon;
				CODE_SIGN_ENTITLEMENTS = Croesus/Croesus.entitlements;
				CODE_SIGN_STYLE = Automatic;
				DEVELOPMENT_TEAM = 5P662H3S28;
				INFOPLIST_FILE = Croesus/Info.plist;
				LD_RUNPATH_SEARCH_PATHS = (
					"$(inherited)",
					"@executable_path/Frameworks",
				);
				PRODUCT_BUNDLE_IDENTIFIER = com.bulamu.croesus;
				PRODUCT_NAME = "$(TARGET_NAME)";
				SWIFT_VERSION = 5.0;
				TARGETED_DEVICE_FAMILY = "1,2";
			};
			name = Debug;
		};
		96367907242656F800A9B121 /* Release */ = {
			isa = XCBuildConfiguration;
			baseConfigurationReference = 4DF763EE38387020A122DBAA /* Pods-Croesus.release.xcconfig */;
			buildSettings = {
				ASSETCATALOG_COMPILER_APPICON_NAME = AppIcon;
				CODE_SIGN_ENTITLEMENTS = Croesus/Croesus.entitlements;
				CODE_SIGN_STYLE = Automatic;
				DEVELOPMENT_TEAM = 5P662H3S28;
				INFOPLIST_FILE = Croesus/Info.plist;
				LD_RUNPATH_SEARCH_PATHS = (
					"$(inherited)",
					"@executable_path/Frameworks",
				);
				PRODUCT_BUNDLE_IDENTIFIER = com.bulamu.croesus;
				PRODUCT_NAME = "$(TARGET_NAME)";
				SWIFT_VERSION = 5.0;
				TARGETED_DEVICE_FAMILY = "1,2";
			};
			name = Release;
		};
		96367909242656F800A9B121 /* Debug */ = {
			isa = XCBuildConfiguration;
			baseConfigurationReference = 9642B4C478827F6C211562D1 /* Pods-CroesusTests.debug.xcconfig */;
			buildSettings = {
				ALWAYS_EMBED_SWIFT_STANDARD_LIBRARIES = YES;
				BUNDLE_LOADER = "$(TEST_HOST)";
				CODE_SIGN_STYLE = Automatic;
				DEVELOPMENT_TEAM = 5P662H3S28;
				INFOPLIST_FILE = CroesusTests/Info.plist;
				IPHONEOS_DEPLOYMENT_TARGET = 13.2;
				LD_RUNPATH_SEARCH_PATHS = (
					"$(inherited)",
					"@executable_path/Frameworks",
					"@loader_path/Frameworks",
				);
				PRODUCT_BUNDLE_IDENTIFIER = net.bulamu.CroesusTests;
				PRODUCT_NAME = "$(TARGET_NAME)";
				SWIFT_VERSION = 5.0;
				TARGETED_DEVICE_FAMILY = "1,2";
				TEST_HOST = "$(BUILT_PRODUCTS_DIR)/Croesus.app/Croesus";
			};
			name = Debug;
		};
		9636790A242656F800A9B121 /* Release */ = {
			isa = XCBuildConfiguration;
			baseConfigurationReference = 53B476D99D9F8390EEDE6503 /* Pods-CroesusTests.release.xcconfig */;
			buildSettings = {
				ALWAYS_EMBED_SWIFT_STANDARD_LIBRARIES = YES;
				BUNDLE_LOADER = "$(TEST_HOST)";
				CODE_SIGN_STYLE = Automatic;
				DEVELOPMENT_TEAM = 5P662H3S28;
				INFOPLIST_FILE = CroesusTests/Info.plist;
				IPHONEOS_DEPLOYMENT_TARGET = 13.2;
				LD_RUNPATH_SEARCH_PATHS = (
					"$(inherited)",
					"@executable_path/Frameworks",
					"@loader_path/Frameworks",
				);
				PRODUCT_BUNDLE_IDENTIFIER = net.bulamu.CroesusTests;
				PRODUCT_NAME = "$(TARGET_NAME)";
				SWIFT_VERSION = 5.0;
				TARGETED_DEVICE_FAMILY = "1,2";
				TEST_HOST = "$(BUILT_PRODUCTS_DIR)/Croesus.app/Croesus";
			};
			name = Release;
		};
		9636790C242656F800A9B121 /* Debug */ = {
			isa = XCBuildConfiguration;
			baseConfigurationReference = AEC6E8DABDE09B45F3A0DC1C /* Pods-Croesus-CroesusUITests.debug.xcconfig */;
			buildSettings = {
				ALWAYS_EMBED_SWIFT_STANDARD_LIBRARIES = YES;
				CODE_SIGN_STYLE = Automatic;
				DEVELOPMENT_TEAM = 5P662H3S28;
				INFOPLIST_FILE = CroesusUITests/Info.plist;
				LD_RUNPATH_SEARCH_PATHS = (
					"$(inherited)",
					"@executable_path/Frameworks",
					"@loader_path/Frameworks",
				);
				PRODUCT_BUNDLE_IDENTIFIER = net.bulamu.CroesusUITests;
				PRODUCT_NAME = "$(TARGET_NAME)";
				SWIFT_VERSION = 5.0;
				TARGETED_DEVICE_FAMILY = "1,2";
				TEST_TARGET_NAME = Croesus;
			};
			name = Debug;
		};
		9636790D242656F800A9B121 /* Release */ = {
			isa = XCBuildConfiguration;
			baseConfigurationReference = 134A9901E4CC98B143ED82C9 /* Pods-Croesus-CroesusUITests.release.xcconfig */;
			buildSettings = {
				ALWAYS_EMBED_SWIFT_STANDARD_LIBRARIES = YES;
				CODE_SIGN_STYLE = Automatic;
				DEVELOPMENT_TEAM = 5P662H3S28;
				INFOPLIST_FILE = CroesusUITests/Info.plist;
				LD_RUNPATH_SEARCH_PATHS = (
					"$(inherited)",
					"@executable_path/Frameworks",
					"@loader_path/Frameworks",
				);
				PRODUCT_BUNDLE_IDENTIFIER = net.bulamu.CroesusUITests;
				PRODUCT_NAME = "$(TARGET_NAME)";
				SWIFT_VERSION = 5.0;
				TARGETED_DEVICE_FAMILY = "1,2";
				TEST_TARGET_NAME = Croesus;
			};
			name = Release;
		};
/* End XCBuildConfiguration section */

/* Begin XCConfigurationList section */
		963678D1242656F500A9B121 /* Build configuration list for PBXProject "Croesus" */ = {
			isa = XCConfigurationList;
			buildConfigurations = (
				96367903242656F800A9B121 /* Debug */,
				96367904242656F800A9B121 /* Release */,
			);
			defaultConfigurationIsVisible = 0;
			defaultConfigurationName = Release;
		};
		96367905242656F800A9B121 /* Build configuration list for PBXNativeTarget "Croesus" */ = {
			isa = XCConfigurationList;
			buildConfigurations = (
				96367906242656F800A9B121 /* Debug */,
				96367907242656F800A9B121 /* Release */,
			);
			defaultConfigurationIsVisible = 0;
			defaultConfigurationName = Release;
		};
		96367908242656F800A9B121 /* Build configuration list for PBXNativeTarget "CroesusTests" */ = {
			isa = XCConfigurationList;
			buildConfigurations = (
				96367909242656F800A9B121 /* Debug */,
				9636790A242656F800A9B121 /* Release */,
			);
			defaultConfigurationIsVisible = 0;
			defaultConfigurationName = Release;
		};
		9636790B242656F800A9B121 /* Build configuration list for PBXNativeTarget "CroesusUITests" */ = {
			isa = XCConfigurationList;
			buildConfigurations = (
				9636790C242656F800A9B121 /* Debug */,
				9636790D242656F800A9B121 /* Release */,
			);
			defaultConfigurationIsVisible = 0;
			defaultConfigurationName = Release;
		};
/* End XCConfigurationList section */

/* Begin XCVersionGroup section */
		963678E4242656F500A9B121 /* Croesus.xcdatamodeld */ = {
			isa = XCVersionGroup;
			children = (
				963678E5242656F500A9B121 /* Croesus.xcdatamodel */,
			);
			currentVersion = 963678E5242656F500A9B121 /* Croesus.xcdatamodel */;
			path = Croesus.xcdatamodeld;
			sourceTree = "<group>";
			versionGroupType = wrapper.xcdatamodel;
		};
/* End XCVersionGroup section */
	};
	rootObject = 963678CE242656F500A9B121 /* Project object */;
}
